# THIS IS AN AUTOGENERATED FILE. DO NOT EDIT THIS FILE DIRECTLY.
# yarn lockfile v1


"@now/node-bridge@1.2.2":
  version "1.2.2"
  resolved "https://registry.yarnpkg.com/@now/node-bridge/-/node-bridge-1.2.2.tgz#b4740d8806227b8dd1d4d8481e21b3b30ad299b4"
  integrity sha512-E5xqal3QRN8RvcQ4Q82vtg/hvWmQWaIYp2bJHd550Ps/kemGabcwAAQsP/TUM/4b5oYlOmjrfuYPq9AhMvFqkQ==

"@now/node@^0.11.0":
  version "0.11.0"
  resolved "https://registry.yarnpkg.com/@now/node/-/node-0.11.0.tgz#70f020f9f7f7704bebdeba6e938853e9b6035abb"
  integrity sha512-Nj/K0KQOf9K8FJpv7ZncCYtbHEhQDBkcZk3v9P/Sxcz9qTdGZuNWIgzNG2/2uUOoByoHpbvzOpflma3Z4ifMiw==
  dependencies:
    "@now/node-bridge" "1.2.2"
    "@types/node" "*"
    "@zeit/ncc" "0.18.5"
    "@zeit/ncc-watcher" "1.0.3"

"@types/lodash@^4.14.135":
  version "4.14.135"
  resolved "https://registry.yarnpkg.com/@types/lodash/-/lodash-4.14.135.tgz#d2607c35dd68f70c2b35ba020c667493dedd8447"
  integrity sha512-Ed+tSZ9qM1oYpi5kzdsBuOzcAIn1wDW+e8TFJ50IMJMlSopGdJgKAbhHzN6h1E1OfjlGOr2JepzEWtg9NIfoNg==

"@types/node@*":
  version "12.0.10"
  resolved "https://registry.yarnpkg.com/@types/node/-/node-12.0.10.tgz#51babf9c7deadd5343620055fc8aff7995c8b031"
  integrity sha512-LcsGbPomWsad6wmMNv7nBLw7YYYyfdYcz6xryKYQhx89c3XXan+8Q6AJ43G5XDIaklaVkK3mE4fCb0SBvMiPSQ==

"@types/simple-oauth2@^2.2.1":
  version "2.2.1"
  resolved "https://registry.yarnpkg.com/@types/simple-oauth2/-/simple-oauth2-2.2.1.tgz#db961cac33fd273c43b10f19b52c272dcb6530fc"
  integrity sha512-mlSYlFKMnQPjvSuG1KZmhhcz81PBR82TJtdGRkBD3F7aJo8PgKUd26lckbAr5O6kZPU2WiqJWMCIwTzb0+lXww==

"@zeit/ncc-watcher@1.0.3":
  version "1.0.3"
  resolved "https://registry.yarnpkg.com/@zeit/ncc-watcher/-/ncc-watcher-1.0.3.tgz#c4569d13db7b80a96a7672047c069400e69913ae"
  integrity sha512-367wm9bGMBCwT8kHQckw8UY/iYhC9rdzj357FBoM0SjVvWv53yziEmd12RkeF1EsBs0F2a1uBYdUaUvGo6LfkA==
  dependencies:
    "@zeit/ncc" "^0.18.5"

"@zeit/ncc@0.18.5", "@zeit/ncc@^0.18.5":
  version "0.18.5"
  resolved "https://registry.yarnpkg.com/@zeit/ncc/-/ncc-0.18.5.tgz#5687df6c32f1a2e2486aa110b3454ccebda4fb9c"
  integrity sha512-F+SbvEAh8rchiRXqQbmD1UmbePY7dCOKTbvfFtbVbK2xMH/tyri5YKfNxXKK7eL9EWkkbqB3NTVQO6nokApeBA==

arg@4.1.0:
  version "4.1.0"
  resolved "https://registry.yarnpkg.com/arg/-/arg-4.1.0.tgz#583c518199419e0037abb74062c37f8519e575f0"
  integrity sha512-ZWc51jO3qegGkVh8Hwpv636EkbesNV5ZNQPCtRa+0qytRYPEs9IYT9qITY9buezqUH5uqyzlWLcufrzU2rffdg==

boom@7.x.x:
  version "7.3.0"
  resolved "https://registry.yarnpkg.com/boom/-/boom-7.3.0.tgz#733a6d956d33b0b1999da3fe6c12996950d017b9"
  integrity sha512-Swpoyi2t5+GhOEGw8rEsKvTxFLIDiiKoUc2gsoV6Lyr43LHBIzch3k2MvYUs8RTROrIkVJ3Al0TkaOGjnb+B6A==
  dependencies:
    hoek "6.x.x"

bourne@1.x.x:
  version "1.1.2"
  resolved "https://registry.yarnpkg.com/bourne/-/bourne-1.1.2.tgz#e290b5bd7166635632eaf8ef12b006b2d4a75b83"
  integrity sha512-b2dgVkTZhkQirNMohgC00rWfpVqEi9y5tKM1k3JvoNx05ODtfQoPPd4js9CYFQoY0IM8LAmnJulEuWv74zjUOg==

bytes@3.0.0:
  version "3.0.0"
  resolved "https://registry.yarnpkg.com/bytes/-/bytes-3.0.0.tgz#d32815404d689699f85a4ea4fa8755dd13a96048"
  integrity sha1-0ygVQE1olpn4Wk6k+odV3ROpYEg=

content-type@1.0.4:
  version "1.0.4"
  resolved "https://registry.yarnpkg.com/content-type/-/content-type-1.0.4.tgz#e138cc75e040c727b1966fe5e5f8c9aee256fe3b"
  integrity sha512-hIP3EEPs8tB9AT1L+NUqtwOAps4mk2Zob89MWXMHjHWg9milF/j4osnnQLXBCBFBk/tvIG/tUc9mOUJiPBhPXA==

date-fns@^1.3.0:
  version "1.30.1"
  resolved "https://registry.yarnpkg.com/date-fns/-/date-fns-1.30.1.tgz#2e71bf0b119153dbb4cc4e88d9ea5acfb50dc05c"
  integrity sha512-hBSVCvSmWC+QypYObzwGOd9wqdDpOt+0wl0KbU+R+uuZBS1jN8VsD1ss3irQDknRj5NvxiTF6oj/nDRnN/UQNw==

debug@^3.1.0:
  version "3.2.6"
  resolved "https://registry.yarnpkg.com/debug/-/debug-3.2.6.tgz#e83d17de16d8a7efb7717edbe5fb10135eee629b"
  integrity sha512-mel+jf7nrtEl5Pn1Qx46zARXKDpBbvzezse7p7LqINmdoIk8PYP5SySaxEmYv6TZ0JyEKA1hsCId6DIhgITtWQ==
  dependencies:
    ms "^2.1.1"

depd@1.1.1:
  version "1.1.1"
  resolved "https://registry.yarnpkg.com/depd/-/depd-1.1.1.tgz#5783b4e1c459f06fa5ca27f991f3d06e7a310359"
  integrity sha1-V4O04cRZ8G+lyif5kfPQbnoxA1k=

hoek@5.x.x:
  version "5.0.4"
  resolved "https://registry.yarnpkg.com/hoek/-/hoek-5.0.4.tgz#0f7fa270a1cafeb364a4b2ddfaa33f864e4157da"
  integrity sha512-Alr4ZQgoMlnere5FZJsIyfIjORBqZll5POhDsF4q64dPuJR6rNxXdDxtHSQq8OXRurhmx+PWYEE8bXRROY8h0w==

hoek@6.x.x:
  version "6.1.3"
  resolved "https://registry.yarnpkg.com/hoek/-/hoek-6.1.3.tgz#73b7d33952e01fe27a38b0457294b79dd8da242c"
  integrity sha512-YXXAAhmF9zpQbC7LEcREFtXfGq5K1fmd+4PHkBq8NUqmzW3G+Dq10bI/i0KucLRwss3YYFQ0fSfoxBZYiGUqtQ==

http-errors@1.6.2:
  version "1.6.2"
  resolved "https://registry.yarnpkg.com/http-errors/-/http-errors-1.6.2.tgz#0a002cc85707192a7e7946ceedc11155f60ec736"
  integrity sha1-CgAsyFcHGSp+eUbO7cERVfYOxzY=
  dependencies:
    depd "1.1.1"
    inherits "2.0.3"
    setprototypeof "1.0.3"
    statuses ">= 1.3.1 < 2"

iconv-lite@0.4.19:
  version "0.4.19"
  resolved "https://registry.yarnpkg.com/iconv-lite/-/iconv-lite-0.4.19.tgz#f7468f60135f5e5dad3399c0a81be9a1603a082b"
  integrity sha512-oTZqweIP51xaGPI4uPa56/Pri/480R+mo7SeU+YETByQNhDG55ycFyNLIgta9vXhILrxXDmF7ZGhqZIcuN0gJQ==

inherits@2.0.3:
  version "2.0.3"
  resolved "https://registry.yarnpkg.com/inherits/-/inherits-2.0.3.tgz#633c2c83e3da42a502f52466022480f4208261de"
  integrity sha1-Yzwsg+PaQqUC9SRmAiSA9CCCYd4=

is-stream@1.1.0:
  version "1.1.0"
  resolved "https://registry.yarnpkg.com/is-stream/-/is-stream-1.1.0.tgz#12d4a3dd4e68e0b79ceb8dbc84173ae80d91ca44"
  integrity sha1-EtSj3U5o4Lec6428hBc66A2RykQ=

isemail@3.x.x:
  version "3.2.0"
  resolved "https://registry.yarnpkg.com/isemail/-/isemail-3.2.0.tgz#59310a021931a9fb06bbb51e155ce0b3f236832c"
  integrity sha512-zKqkK+O+dGqevc93KNsbZ/TqTUFd46MwWjYOoMrjIMZ51eU7DtQG3Wmd9SQQT7i7RVnuTPEiYEWHU3MSbxC1Tg==
  dependencies:
    punycode "2.x.x"

isomorphic-unfetch@^3.0.0:
  version "3.0.0"
  resolved "https://registry.yarnpkg.com/isomorphic-unfetch/-/isomorphic-unfetch-3.0.0.tgz#de6d80abde487b17de2c400a7ef9e5ecc2efb362"
  integrity sha512-V0tmJSYfkKokZ5mgl0cmfQMTb7MLHsBMngTkbLY0eXvKqiVRRoZP04Ly+KhKrJfKtzC9E6Pp15Jo+bwh7Vi2XQ==
  dependencies:
    node-fetch "^2.2.0"
    unfetch "^4.0.0"

joi@^13.0.2:
  version "13.7.0"
  resolved "https://registry.yarnpkg.com/joi/-/joi-13.7.0.tgz#cfd85ebfe67e8a1900432400b4d03bbd93fb879f"
  integrity sha512-xuY5VkHfeOYK3Hdi91ulocfuFopwgbSORmIwzcwHKESQhC7w1kD5jaVSPnqDxS2I8t3RZ9omCKAxNwXN5zG1/Q==
  dependencies:
    hoek "5.x.x"
    isemail "3.x.x"
    topo "3.x.x"

lodash@^4.17.11:
  version "4.17.14"
  resolved "https://registry.yarnpkg.com/lodash/-/lodash-4.17.14.tgz#9ce487ae66c96254fe20b599f21b6816028078ba"
  integrity sha512-mmKYbW3GLuJeX+iGP+Y7Gp1AiGHGbXHCOh/jZmrawMmsE7MS4znI3RL2FsjbqOyMayHInjOeykW7PEajUk1/xw==

micro@^9.3.4:
  version "9.3.4"
  resolved "https://registry.yarnpkg.com/micro/-/micro-9.3.4.tgz#745a494e53c8916f64fb6a729f8cbf2a506b35ad"
  integrity sha512-smz9naZwTG7qaFnEZ2vn248YZq9XR+XoOH3auieZbkhDL4xLOxiE+KqG8qqnBeKfXA9c1uEFGCxPN1D+nT6N7w==
  dependencies:
    arg "4.1.0"
    content-type "1.0.4"
    is-stream "1.1.0"
    raw-body "2.3.2"

ms@^2.1.1:
  version "2.1.2"
  resolved "https://registry.yarnpkg.com/ms/-/ms-2.1.2.tgz#d09d1f357b443f493382a8eb3ccd183872ae6009"
  integrity sha512-sGkPx+VjMtmA6MX27oA4FBFELFCZZ4S4XqeGOXCv68tT+jb3vk/RyaKWP0PTKyWtmLSM0b+adUTEvbs1PEaH2w==

node-fetch@^2.2.0:
  version "2.6.1"
  resolved "https://registry.yarnpkg.com/node-fetch/-/node-fetch-2.6.1.tgz#045bd323631f76ed2e2b55573394416b639a0052"
  integrity sha512-V4aYg89jEoVRxRb2fJdAg8FHvI7cEyYdVAh94HH0UIK8oJxUfkjlDQN9RbMx+bEjP7+ggMiFRprSti032Oipxw==

punycode@2.x.x:
  version "2.1.1"
  resolved "https://registry.yarnpkg.com/punycode/-/punycode-2.1.1.tgz#b58b010ac40c22c5657616c8d2c2c02c7bf479ec"
  integrity sha512-XRsRjdf+j5ml+y/6GKHPZbrF/8p2Yga0JPtdqTIY2Xe5ohJPD9saDJJLPvp9+NSBprVvevdXZybnj2cv8OEd0A==

raw-body@2.3.2:
  version "2.3.2"
  resolved "https://registry.yarnpkg.com/raw-body/-/raw-body-2.3.2.tgz#bcd60c77d3eb93cde0050295c3f379389bc88f89"
  integrity sha1-vNYMd9Prk83gBQKVw/N5OJvIj4k=
  dependencies:
    bytes "3.0.0"
    http-errors "1.6.2"
    iconv-lite "0.4.19"
    unpipe "1.0.0"

setprototypeof@1.0.3:
  version "1.0.3"
  resolved "https://registry.yarnpkg.com/setprototypeof/-/setprototypeof-1.0.3.tgz#66567e37043eeb4f04d91bd658c0cbefb55b8e04"
  integrity sha1-ZlZ+NwQ+608E2RvWWMDL77VbjgQ=

simple-oauth2@^2.2.1:
  version "2.2.1"
  resolved "https://registry.yarnpkg.com/simple-oauth2/-/simple-oauth2-2.2.1.tgz#c1d20133d0b087bd01c6e33e31a56d70ee5194d1"
  integrity sha512-Ujn8tU9Nl4CLy5L6ksSL+kJ6eI61NyhLCUZPris6aHMGxnfAnqrYdmTN16VSEl9m5W9WPj1sXJvhoi6kihsaSA==
  dependencies:
    date-fns "^1.3.0"
    debug "^3.1.0"
    joi "^13.0.2"
    wreck "^14.0.2"

"statuses@>= 1.3.1 < 2":
  version "1.5.0"
  resolved "https://registry.yarnpkg.com/statuses/-/statuses-1.5.0.tgz#161c7dac177659fd9811f43771fa99381478628c"
  integrity sha1-Fhx9rBd2Wf2YEfQ3cfqZOBR4Yow=

topo@3.x.x:
  version "3.0.3"
  resolved "https://registry.yarnpkg.com/topo/-/topo-3.0.3.tgz#d5a67fb2e69307ebeeb08402ec2a2a6f5f7ad95c"
  integrity sha512-IgpPtvD4kjrJ7CRA3ov2FhWQADwv+Tdqbsf1ZnPUSAtCJ9e1Z44MmoSGDXGk4IppoZA7jd/QRkNddlLJWlUZsQ==
  dependencies:
    hoek "6.x.x"

unfetch@^4.0.0:
  version "4.1.0"
  resolved "https://registry.yarnpkg.com/unfetch/-/unfetch-4.1.0.tgz#6ec2dd0de887e58a4dee83a050ded80ffc4137db"
  integrity sha512-crP/n3eAPUJxZXM9T80/yv0YhkTEx2K1D3h7D1AJM6fzsWZrxdyRuLN0JH/dkZh1LNH8LxCnBzoPFCPbb2iGpg==

unpipe@1.0.0:
  version "1.0.0"
  resolved "https://registry.yarnpkg.com/unpipe/-/unpipe-1.0.0.tgz#b2bf4ee8514aae6165b4817829d21b2ef49904ec"
  integrity sha1-sr9O6FFKrmFltIF4KdIbLvSZBOw=

wreck@^14.0.2:
  version "14.2.0"
  resolved "https://registry.yarnpkg.com/wreck/-/wreck-14.2.0.tgz#0064a5b930fc675f57830c1fd28342da1a70b0fc"
  integrity sha512-NFFft3SMgqrJbXEVfYifh+QDWFxni+98/I7ut7rLbz3F0XOypluHsdo3mdEYssGSirMobM3fGlqhyikbWKDn2Q==
  dependencies:
    boom "7.x.x"
    bourne "1.x.x"
    hoek "6.x.x"
